<Solution>
  <Project Path="MauiAppIA_Formation.Infrastructure/MauiAppIA_Formation.Infrastructure.csproj" />
  <Project Path="MauiAppIA_Formation.Models/MauiAppIA_Formation.Models.csproj" />
  <Project Path="MauiAppIA_Formation/MauiAppIA_Formation.csproj">
    <Deploy Solution="Debug|*" />
  </Project>
</Solution>
